
Microsoft Visual Studio Solution File, Format Version 12.00
# Visual Studio Version 17
VisualStudioVersion = 17.6.33829.357
MinimumVisualStudioVersion = 10.0.40219.1
Project("{FAE04EC0-301F-11D3-BF4B-00C04F79EFBC}") = "ConsoleApp2", "ConsoleApp2\ConsoleApp2.csproj", "{2BA72AB0-F447-4F98-AD36-8B311A1CAF26}"
EndProject
Project("{FAE04EC0-301F-11D3-BF4B-00C04F79EFBC}") = "ConsoleApp1", "ConsoleApp1\ConsoleApp1.csproj", "{82C44863-E2C8-44FA-B6D8-BAEB48077FB0}"
EndProject
Project("{FAE04EC0-301F-11D3-BF4B-00C04F79EFBC}") = "ConsoleApp3", "ConsoleApp3\ConsoleApp3.csproj", "{83EA75A2-FBCD-4695-80D8-4B6A8D901991}"
EndProject
Project("{FAE04EC0-301F-11D3-BF4B-00C04F79EFBC}") = "ConsoleApp4", "ConsoleApp4\ConsoleApp4.csproj", "{2332C6DA-3F04-4520-BE91-93A07D4B4BDA}"
EndProject
Project("{FAE04EC0-301F-11D3-BF4B-00C04F79EFBC}") = "test", "test\test.csproj", "{802D06A3-5D34-4CAA-9135-68914C3CB6F3}"
EndProject
Global
	GlobalSection(SolutionConfigurationPlatforms) = preSolution
		Debug|Any CPU = Debug|Any CPU
		Release|Any CPU = Release|Any CPU
	EndGlobalSection
	GlobalSection(ProjectConfigurationPlatforms) = postSolution
		{2BA72AB0-F447-4F98-AD36-8B311A1CAF26}.Debug|Any CPU.ActiveCfg = Debug|Any CPU
		{2BA72AB0-F447-4F98-AD36-8B311A1CAF26}.Debug|Any CPU.Build.0 = Debug|Any CPU
		{2BA72AB0-F447-4F98-AD36-8B311A1CAF26}.Release|Any CPU.ActiveCfg = Release|Any CPU
		{2BA72AB0-F447-4F98-AD36-8B311A1CAF26}.Release|Any CPU.Build.0 = Release|Any CPU
		{82C44863-E2C8-44FA-B6D8-BAEB48077FB0}.Debug|Any CPU.ActiveCfg = Debug|Any CPU
		{82C44863-E2C8-44FA-B6D8-BAEB48077FB0}.Debug|Any CPU.Build.0 = Debug|Any CPU
		{82C44863-E2C8-44FA-B6D8-BAEB48077FB0}.Release|Any CPU.ActiveCfg = Release|Any CPU
		{82C44863-E2C8-44FA-B6D8-BAEB48077FB0}.Release|Any CPU.Build.0 = Release|Any CPU
		{83EA75A2-FBCD-4695-80D8-4B6A8D901991}.Debug|Any CPU.ActiveCfg = Debug|Any CPU
		{83EA75A2-FBCD-4695-80D8-4B6A8D901991}.Debug|Any CPU.Build.0 = Debug|Any CPU
		{83EA75A2-FBCD-4695-80D8-4B6A8D901991}.Release|Any CPU.ActiveCfg = Release|Any CPU
		{83EA75A2-FBCD-4695-80D8-4B6A8D901991}.Release|Any CPU.Build.0 = Release|Any CPU
		{2332C6DA-3F04-4520-BE91-93A07D4B4BDA}.Debug|Any CPU.ActiveCfg = Debug|Any CPU
		{2332C6DA-3F04-4520-BE91-93A07D4B4BDA}.Debug|Any CPU.Build.0 = Debug|Any CPU
		{2332C6DA-3F04-4520-BE91-93A07D4B4BDA}.Release|Any CPU.ActiveCfg = Release|Any CPU
		{2332C6DA-3F04-4520-BE91-93A07D4B4BDA}.Release|Any CPU.Build.0 = Release|Any CPU
		{802D06A3-5D34-4CAA-9135-68914C3CB6F3}.Debug|Any CPU.ActiveCfg = Debug|Any CPU
		{802D06A3-5D34-4CAA-9135-68914C3CB6F3}.Debug|Any CPU.Build.0 = Debug|Any CPU
		{802D06A3-5D34-4CAA-9135-68914C3CB6F3}.Release|Any CPU.ActiveCfg = Release|Any CPU
		{802D06A3-5D34-4CAA-9135-68914C3CB6F3}.Release|Any CPU.Build.0 = Release|Any CPU
	EndGlobalSection
	GlobalSection(SolutionProperties) = preSolution
		HideSolutionNode = FALSE
	EndGlobalSection
	GlobalSection(ExtensibilityGlobals) = postSolution
		SolutionGuid = {C19538F2-2E62-4BDE-9A94-C822C84212ED}
	EndGlobalSection
EndGlobal
